
Microsoft Visual Studio Solution File, Format Version 12.00
# Visual Studio Version 17
VisualStudioVersion = 17.7.34018.315
MinimumVisualStudioVersion = 10.0.40219.1
Project("{FAE04EC0-301F-11D3-BF4B-00C04F79EFBC}") = "TipCalculator", "TipCalculator.csproj", "{058709B0-686A-4A1D-8273-53B7DADBB566}"
EndProject
Global
	GlobalSection(SolutionConfigurationPlatforms) = preSolution
		Debug|Any CPU = Debug|Any CPU
		Release|Any CPU = Release|Any CPU
	EndGlobalSection
	GlobalSection(ProjectConfigurationPlatforms) = postSolution
		{058709B0-686A-4A1D-8273-53B7DADBB566}.Debug|Any CPU.ActiveCfg = Debug|Any CPU
		{058709B0-686A-4A1D-8273-53B7DADBB566}.Debug|Any CPU.Build.0 = Debug|Any CPU
		{058709B0-686A-4A1D-8273-53B7DADBB566}.Debug|Any CPU.Deploy.0 = Debug|Any CPU
		{058709B0-686A-4A1D-8273-53B7DADBB566}.Release|Any CPU.ActiveCfg = Release|Any CPU
		{058709B0-686A-4A1D-8273-53B7DADBB566}.Release|Any CPU.Build.0 = Release|Any CPU
		{058709B0-686A-4A1D-8273-53B7DADBB566}.Release|Any CPU.Deploy.0 = Release|Any CPU
	EndGlobalSection
	GlobalSection(SolutionProperties) = preSolution
		HideSolutionNode = FALSE
	EndGlobalSection
	GlobalSection(ExtensibilityGlobals) = postSolution
		SolutionGuid = {FD637873-AFC8-4DDA-B61B-9DA63F3E8203}
	EndGlobalSection
EndGlobal
